// !$*UTF8*$!
{
	archiveVersion = 1;
	classes = {
	};
	objectVersion = 55;
	objects = {

/* Begin PBXBuildFile section */
		1A0E6BC1281229BC00F2A433 /* UIColor+.swift in Sources */ = {isa = PBXBuildFile; fileRef = 1A0E6BC0281229BC00F2A433 /* UIColor+.swift */; };
		1A0E6BC528122AD600F2A433 /* UIViewController+.swift in Sources */ = {isa = PBXBuildFile; fileRef = 1A0E6BC428122AD600F2A433 /* UIViewController+.swift */; };
		1A0E6BC82812896100F2A433 /* Color.xcassets in Resources */ = {isa = PBXBuildFile; fileRef = 1A0E6BC72812896100F2A433 /* Color.xcassets */; };
		1A2BFFDC280A84050069C475 /* SearchViewController.swift in Sources */ = {isa = PBXBuildFile; fileRef = 1A2BFFDB280A84050069C475 /* SearchViewController.swift */; };
		1A2BFFDE280A84130069C475 /* ReelsTabViewController.swift in Sources */ = {isa = PBXBuildFile; fileRef = 1A2BFFDD280A84130069C475 /* ReelsTabViewController.swift */; };
		1A2BFFE0280A841E0069C475 /* ShoppingTabViewController.swift in Sources */ = {isa = PBXBuildFile; fileRef = 1A2BFFDF280A841E0069C475 /* ShoppingTabViewController.swift */; };
		1A2BFFE2280A84290069C475 /* ProfileTabViewController.swift in Sources */ = {isa = PBXBuildFile; fileRef = 1A2BFFE1280A84290069C475 /* ProfileTabViewController.swift */; };
		1A3D74CE28293C1500AF2280 /* APIConstants.swift in Sources */ = {isa = PBXBuildFile; fileRef = 1A3D74CD28293C1500AF2280 /* APIConstants.swift */; };
		1A3D74D028293C2500AF2280 /* NetworkResult.swift in Sources */ = {isa = PBXBuildFile; fileRef = 1A3D74CF28293C2500AF2280 /* NetworkResult.swift */; };
		1A3D74D228293D4500AF2280 /* LoginModel.swift in Sources */ = {isa = PBXBuildFile; fileRef = 1A3D74D128293D4500AF2280 /* LoginModel.swift */; };
		1A3D74D528293DAC00AF2280 /* UserService.swift in Sources */ = {isa = PBXBuildFile; fileRef = 1A3D74D428293DAC00AF2280 /* UserService.swift */; };
		1A3D74D72829530C00AF2280 /* SignupModel.swift in Sources */ = {isa = PBXBuildFile; fileRef = 1A3D74D62829530C00AF2280 /* SignupModel.swift */; };
		1A611420280D222A00AEEC3C /* ReelsTab.storyboard in Resources */ = {isa = PBXBuildFile; fileRef = 1A61141F280D222A00AEEC3C /* ReelsTab.storyboard */; };
		1A611432280D2A1900AEEC3C /* ProfileTab.storyboard in Resources */ = {isa = PBXBuildFile; fileRef = 1A611431280D2A1900AEEC3C /* ProfileTab.storyboard */; };
		1A611437280D2A6400AEEC3C /* HomeTab.storyboard in Resources */ = {isa = PBXBuildFile; fileRef = 1A611436280D2A6400AEEC3C /* HomeTab.storyboard */; };
		1A611439280D2A9700AEEC3C /* HomeTabViewController.swift in Sources */ = {isa = PBXBuildFile; fileRef = 1A611438280D2A9700AEEC3C /* HomeTabViewController.swift */; };
		1A61143B280D2AA500AEEC3C /* SearchTab.storyboard in Resources */ = {isa = PBXBuildFile; fileRef = 1A61143A280D2AA500AEEC3C /* SearchTab.storyboard */; };
		1A61143E280D2ACF00AEEC3C /* ShoppingTab.storyboard in Resources */ = {isa = PBXBuildFile; fileRef = 1A61143D280D2ACF00AEEC3C /* ShoppingTab.storyboard */; };
		1A611440280D2B0100AEEC3C /* Tabbar.storyboard in Resources */ = {isa = PBXBuildFile; fileRef = 1A61143F280D2B0100AEEC3C /* Tabbar.storyboard */; };
		1A611442280D2B2B00AEEC3C /* TabBarViewController.swift in Sources */ = {isa = PBXBuildFile; fileRef = 1A611441280D2B2B00AEEC3C /* TabBarViewController.swift */; };
		1A71C8D728210BE4004BE851 /* FeedDataModel.swift in Sources */ = {isa = PBXBuildFile; fileRef = 1A71C8D628210BE4004BE851 /* FeedDataModel.swift */; };
		1A71C8D9282124B1004BE851 /* StoryDataModel.swift in Sources */ = {isa = PBXBuildFile; fileRef = 1A71C8D8282124B1004BE851 /* StoryDataModel.swift */; };
		1ACBC855281C42790018C72E /* StoryCollectionViewCell.swift in Sources */ = {isa = PBXBuildFile; fileRef = 1ACBC853281C42790018C72E /* StoryCollectionViewCell.swift */; };
		1ACBC856281C42790018C72E /* StoryCollectionViewCell.xib in Resources */ = {isa = PBXBuildFile; fileRef = 1ACBC854281C42790018C72E /* StoryCollectionViewCell.xib */; };
		1ACBC859281C42990018C72E /* FeedTableViewCell.swift in Sources */ = {isa = PBXBuildFile; fileRef = 1ACBC857281C42990018C72E /* FeedTableViewCell.swift */; };
		1ACBC85A281C42990018C72E /* FeedTableViewCell.xib in Resources */ = {isa = PBXBuildFile; fileRef = 1ACBC858281C42990018C72E /* FeedTableViewCell.xib */; };
		1ACBE07627FADE0400A2213A /* AppDelegate.swift in Sources */ = {isa = PBXBuildFile; fileRef = 1ACBE07527FADE0400A2213A /* AppDelegate.swift */; };
		1ACBE07827FADE0400A2213A /* SceneDelegate.swift in Sources */ = {isa = PBXBuildFile; fileRef = 1ACBE07727FADE0400A2213A /* SceneDelegate.swift */; };
		1ACBE07A27FADE0400A2213A /* LoginController.swift in Sources */ = {isa = PBXBuildFile; fileRef = 1ACBE07927FADE0400A2213A /* LoginController.swift */; };
		1ACBE07D27FADE0400A2213A /* Main.storyboard in Resources */ = {isa = PBXBuildFile; fileRef = 1ACBE07B27FADE0400A2213A /* Main.storyboard */; };
		1ACBE07F27FADE0700A2213A /* Assets.xcassets in Resources */ = {isa = PBXBuildFile; fileRef = 1ACBE07E27FADE0700A2213A /* Assets.xcassets */; };
		1ACBE08227FADE0700A2213A /* LaunchScreen.storyboard in Resources */ = {isa = PBXBuildFile; fileRef = 1ACBE08027FADE0700A2213A /* LaunchScreen.storyboard */; };
		1ACBE08A27FB035100A2213A /* SignupMakeNameController.swift in Sources */ = {isa = PBXBuildFile; fileRef = 1ACBE08927FB035100A2213A /* SignupMakeNameController.swift */; };
		1ACBE08C27FB038500A2213A /* SignupMakePasswordController.swift in Sources */ = {isa = PBXBuildFile; fileRef = 1ACBE08B27FB038500A2213A /* SignupMakePasswordController.swift */; };
		1ACBE08E27FB03A700A2213A /* CompleteController.swift in Sources */ = {isa = PBXBuildFile; fileRef = 1ACBE08D27FB03A700A2213A /* CompleteController.swift */; };
		1ADD7E2B280A77E800E0551C /* TabBarWithCode.storyboard in Resources */ = {isa = PBXBuildFile; fileRef = 1ADD7E2A280A77E800E0551C /* TabBarWithCode.storyboard */; };
		1ADD7E2F280A78FD00E0551C /* TabbarCodeController.swift in Sources */ = {isa = PBXBuildFile; fileRef = 1ADD7E2E280A78FD00E0551C /* TabbarCodeController.swift */; };
		305DE13F2597400E7AA83FD1 /* Pods_Instagram_Clone.framework in Frameworks */ = {isa = PBXBuildFile; fileRef = BCC2C486B41AB581A6CB8D3F /* Pods_Instagram_Clone.framework */; };
/* End PBXBuildFile section */

/* Begin PBXFileReference section */
		1A0E6BC0281229BC00F2A433 /* UIColor+.swift */ = {isa = PBXFileReference; lastKnownFileType = sourcecode.swift; path = "UIColor+.swift"; sourceTree = "<group>"; };
		1A0E6BC428122AD600F2A433 /* UIViewController+.swift */ = {isa = PBXFileReference; lastKnownFileType = sourcecode.swift; path = "UIViewController+.swift"; sourceTree = "<group>"; };
		1A0E6BC72812896100F2A433 /* Color.xcassets */ = {isa = PBXFileReference; lastKnownFileType = folder.assetcatalog; path = Color.xcassets; sourceTree = "<group>"; };
		1A2BFFDB280A84050069C475 /* SearchViewController.swift */ = {isa = PBXFileReference; lastKnownFileType = sourcecode.swift; path = SearchViewController.swift; sourceTree = "<group>"; };
		1A2BFFDD280A84130069C475 /* ReelsTabViewController.swift */ = {isa = PBXFileReference; lastKnownFileType = sourcecode.swift; path = ReelsTabViewController.swift; sourceTree = "<group>"; };
		1A2BFFDF280A841E0069C475 /* ShoppingTabViewController.swift */ = {isa = PBXFileReference; lastKnownFileType = sourcecode.swift; path = ShoppingTabViewController.swift; sourceTree = "<group>"; };
		1A2BFFE1280A84290069C475 /* ProfileTabViewController.swift */ = {isa = PBXFileReference; lastKnownFileType = sourcecode.swift; path = ProfileTabViewController.swift; sourceTree = "<group>"; };
		1A3D74CD28293C1500AF2280 /* APIConstants.swift */ = {isa = PBXFileReference; lastKnownFileType = sourcecode.swift; path = APIConstants.swift; sourceTree = "<group>"; };
		1A3D74CF28293C2500AF2280 /* NetworkResult.swift */ = {isa = PBXFileReference; lastKnownFileType = sourcecode.swift; path = NetworkResult.swift; sourceTree = "<group>"; };
		1A3D74D128293D4500AF2280 /* LoginModel.swift */ = {isa = PBXFileReference; lastKnownFileType = sourcecode.swift; path = LoginModel.swift; sourceTree = "<group>"; };
		1A3D74D428293DAC00AF2280 /* UserService.swift */ = {isa = PBXFileReference; lastKnownFileType = sourcecode.swift; path = UserService.swift; sourceTree = "<group>"; };
		1A3D74D62829530C00AF2280 /* SignupModel.swift */ = {isa = PBXFileReference; lastKnownFileType = sourcecode.swift; path = SignupModel.swift; sourceTree = "<group>"; };
		1A61141F280D222A00AEEC3C /* ReelsTab.storyboard */ = {isa = PBXFileReference; lastKnownFileType = file.storyboard; path = ReelsTab.storyboard; sourceTree = "<group>"; };
		1A611431280D2A1900AEEC3C /* ProfileTab.storyboard */ = {isa = PBXFileReference; lastKnownFileType = file.storyboard; path = ProfileTab.storyboard; sourceTree = "<group>"; };
		1A611436280D2A6400AEEC3C /* HomeTab.storyboard */ = {isa = PBXFileReference; lastKnownFileType = file.storyboard; path = HomeTab.storyboard; sourceTree = "<group>"; };
		1A611438280D2A9700AEEC3C /* HomeTabViewController.swift */ = {isa = PBXFileReference; lastKnownFileType = sourcecode.swift; path = HomeTabViewController.swift; sourceTree = "<group>"; };
		1A61143A280D2AA500AEEC3C /* SearchTab.storyboard */ = {isa = PBXFileReference; lastKnownFileType = file.storyboard; path = SearchTab.storyboard; sourceTree = "<group>"; };
		1A61143D280D2ACF00AEEC3C /* ShoppingTab.storyboard */ = {isa = PBXFileReference; lastKnownFileType = file.storyboard; path = ShoppingTab.storyboard; sourceTree = "<group>"; };
		1A61143F280D2B0100AEEC3C /* Tabbar.storyboard */ = {isa = PBXFileReference; lastKnownFileType = file.storyboard; path = Tabbar.storyboard; sourceTree = "<group>"; };
		1A611441280D2B2B00AEEC3C /* TabBarViewController.swift */ = {isa = PBXFileReference; lastKnownFileType = sourcecode.swift; path = TabBarViewController.swift; sourceTree = "<group>"; };
		1A71C8D628210BE4004BE851 /* FeedDataModel.swift */ = {isa = PBXFileReference; lastKnownFileType = sourcecode.swift; path = FeedDataModel.swift; sourceTree = "<group>"; };
		1A71C8D8282124B1004BE851 /* StoryDataModel.swift */ = {isa = PBXFileReference; lastKnownFileType = sourcecode.swift; path = StoryDataModel.swift; sourceTree = "<group>"; };
		1ACBC853281C42790018C72E /* StoryCollectionViewCell.swift */ = {isa = PBXFileReference; lastKnownFileType = sourcecode.swift; path = StoryCollectionViewCell.swift; sourceTree = "<group>"; };
		1ACBC854281C42790018C72E /* StoryCollectionViewCell.xib */ = {isa = PBXFileReference; lastKnownFileType = file.xib; path = StoryCollectionViewCell.xib; sourceTree = "<group>"; };
		1ACBC857281C42990018C72E /* FeedTableViewCell.swift */ = {isa = PBXFileReference; lastKnownFileType = sourcecode.swift; path = FeedTableViewCell.swift; sourceTree = "<group>"; };
		1ACBC858281C42990018C72E /* FeedTableViewCell.xib */ = {isa = PBXFileReference; lastKnownFileType = file.xib; path = FeedTableViewCell.xib; sourceTree = "<group>"; };
		1ACBE07227FADE0400A2213A /* Instagram-Clone.app */ = {isa = PBXFileReference; explicitFileType = wrapper.application; includeInIndex = 0; path = "Instagram-Clone.app"; sourceTree = BUILT_PRODUCTS_DIR; };
		1ACBE07527FADE0400A2213A /* AppDelegate.swift */ = {isa = PBXFileReference; lastKnownFileType = sourcecode.swift; path = AppDelegate.swift; sourceTree = "<group>"; };
		1ACBE07727FADE0400A2213A /* SceneDelegate.swift */ = {isa = PBXFileReference; lastKnownFileType = sourcecode.swift; path = SceneDelegate.swift; sourceTree = "<group>"; };
		1ACBE07927FADE0400A2213A /* LoginController.swift */ = {isa = PBXFileReference; lastKnownFileType = sourcecode.swift; path = LoginController.swift; sourceTree = "<group>"; };
		1ACBE07C27FADE0400A2213A /* Base */ = {isa = PBXFileReference; lastKnownFileType = file.storyboard; name = Base; path = Base.lproj/Main.storyboard; sourceTree = "<group>"; };
		1ACBE07E27FADE0700A2213A /* Assets.xcassets */ = {isa = PBXFileReference; lastKnownFileType = folder.assetcatalog; path = Assets.xcassets; sourceTree = "<group>"; };
		1ACBE08127FADE0700A2213A /* Base */ = {isa = PBXFileReference; lastKnownFileType = file.storyboard; name = Base; path = Base.lproj/LaunchScreen.storyboard; sourceTree = "<group>"; };
		1ACBE08327FADE0700A2213A /* Info.plist */ = {isa = PBXFileReference; lastKnownFileType = text.plist.xml; path = Info.plist; sourceTree = "<group>"; };
		1ACBE08927FB035100A2213A /* SignupMakeNameController.swift */ = {isa = PBXFileReference; lastKnownFileType = sourcecode.swift; path = SignupMakeNameController.swift; sourceTree = "<group>"; };
		1ACBE08B27FB038500A2213A /* SignupMakePasswordController.swift */ = {isa = PBXFileReference; lastKnownFileType = sourcecode.swift; path = SignupMakePasswordController.swift; sourceTree = "<group>"; };
		1ACBE08D27FB03A700A2213A /* CompleteController.swift */ = {isa = PBXFileReference; lastKnownFileType = sourcecode.swift; path = CompleteController.swift; sourceTree = "<group>"; };
		1ADD7E2A280A77E800E0551C /* TabBarWithCode.storyboard */ = {isa = PBXFileReference; lastKnownFileType = file.storyboard; path = TabBarWithCode.storyboard; sourceTree = "<group>"; };
		1ADD7E2E280A78FD00E0551C /* TabbarCodeController.swift */ = {isa = PBXFileReference; lastKnownFileType = sourcecode.swift; path = TabbarCodeController.swift; sourceTree = "<group>"; };
		A42B14215E37CA85605B35D1 /* Pods-Instagram-Clone.release.xcconfig */ = {isa = PBXFileReference; includeInIndex = 1; lastKnownFileType = text.xcconfig; name = "Pods-Instagram-Clone.release.xcconfig"; path = "Target Support Files/Pods-Instagram-Clone/Pods-Instagram-Clone.release.xcconfig"; sourceTree = "<group>"; };
		A46BC01B930BBDB15358736C /* Pods-Instagram-Clone.debug.xcconfig */ = {isa = PBXFileReference; includeInIndex = 1; lastKnownFileType = text.xcconfig; name = "Pods-Instagram-Clone.debug.xcconfig"; path = "Target Support Files/Pods-Instagram-Clone/Pods-Instagram-Clone.debug.xcconfig"; sourceTree = "<group>"; };
		BCC2C486B41AB581A6CB8D3F /* Pods_Instagram_Clone.framework */ = {isa = PBXFileReference; explicitFileType = wrapper.framework; includeInIndex = 0; path = Pods_Instagram_Clone.framework; sourceTree = BUILT_PRODUCTS_DIR; };
/* End PBXFileReference section */

/* Begin PBXFrameworksBuildPhase section */
		1ACBE06F27FADE0400A2213A /* Frameworks */ = {
			isa = PBXFrameworksBuildPhase;
			buildActionMask = 2147483647;
			files = (
				305DE13F2597400E7AA83FD1 /* Pods_Instagram_Clone.framework in Frameworks */,
			);
			runOnlyForDeploymentPostprocessing = 0;
		};
/* End PBXFrameworksBuildPhase section */

/* Begin PBXGroup section */
		1A0E6BB8281225DD00F2A433 /* Global */ = {
			isa = PBXGroup;
			children = (
				1A0E6BBB2812264A00F2A433 /* Extension */,
			);
			path = Global;
			sourceTree = "<group>";
		};
		1A0E6BB9281225E600F2A433 /* Source */ = {
			isa = PBXGroup;
			children = (
				1AB9221228128DEC0042D303 /* Screen */,
			);
			path = Source;
			sourceTree = "<group>";
		};
		1A0E6BBA281225F600F2A433 /* Resource */ = {
			isa = PBXGroup;
			children = (
				1A395E6F282A43F300D6A3AF /* Support */,
				1A0E6BC62812892100F2A433 /* Asset */,
			);
			path = Resource;
			sourceTree = "<group>";
		};
		1A0E6BBB2812264A00F2A433 /* Extension */ = {
			isa = PBXGroup;
			children = (
				1A0E6BC0281229BC00F2A433 /* UIColor+.swift */,
				1A0E6BC428122AD600F2A433 /* UIViewController+.swift */,
			);
			path = Extension;
			sourceTree = "<group>";
		};
		1A0E6BC62812892100F2A433 /* Asset */ = {
			isa = PBXGroup;
			children = (
				1ACBE07E27FADE0700A2213A /* Assets.xcassets */,
				1A0E6BC72812896100F2A433 /* Color.xcassets */,
			);
			path = Asset;
			sourceTree = "<group>";
		};
		1A395E6C282A431100D6A3AF /* Model */ = {
			isa = PBXGroup;
			children = (
				1A3D74D128293D4500AF2280 /* LoginModel.swift */,
				1A3D74D62829530C00AF2280 /* SignupModel.swift */,
			);
			path = Model;
			sourceTree = "<group>";
		};
		1A395E6D282A432600D6A3AF /* View */ = {
			isa = PBXGroup;
			children = (
				1ACBE07B27FADE0400A2213A /* Main.storyboard */,
			);
			path = View;
			sourceTree = "<group>";
		};
		1A395E6E282A436500D6A3AF /* Main */ = {
			isa = PBXGroup;
			children = (
				1A395E72282A444C00D6A3AF /* Controller */,
				1A395E71282A444600D6A3AF /* View */,
				1A395E70282A443D00D6A3AF /* Model */,
			);
			path = Main;
			sourceTree = "<group>";
		};
		1A395E6F282A43F300D6A3AF /* Support */ = {
			isa = PBXGroup;
			children = (
				1ACBE07527FADE0400A2213A /* AppDelegate.swift */,
				1ACBE07727FADE0400A2213A /* SceneDelegate.swift */,
				1ACBE08027FADE0700A2213A /* LaunchScreen.storyboard */,
			);
			path = Support;
			sourceTree = "<group>";
		};
		1A395E70282A443D00D6A3AF /* Model */ = {
			isa = PBXGroup;
			children = (
			);
			path = Model;
			sourceTree = "<group>";
		};
		1A395E71282A444600D6A3AF /* View */ = {
			isa = PBXGroup;
			children = (
				1A61143F280D2B0100AEEC3C /* Tabbar.storyboard */,
				1ADD7E2A280A77E800E0551C /* TabBarWithCode.storyboard */,
			);
			path = View;
			sourceTree = "<group>";
		};
		1A395E72282A444C00D6A3AF /* Controller */ = {
			isa = PBXGroup;
			children = (
				1ADD7E2E280A78FD00E0551C /* TabbarCodeController.swift */,
				1A611441280D2B2B00AEEC3C /* TabBarViewController.swift */,
			);
			path = Controller;
			sourceTree = "<group>";
		};
		1A3D74CC28293BFF00AF2280 /* Network */ = {
			isa = PBXGroup;
			children = (
				1A3D74CD28293C1500AF2280 /* APIConstants.swift */,
				1A3D74CF28293C2500AF2280 /* NetworkResult.swift */,
			);
			path = Network;
			sourceTree = "<group>";
		};
		1A3D74D328293D9A00AF2280 /* Service */ = {
			isa = PBXGroup;
			children = (
				1A3D74D428293DAC00AF2280 /* UserService.swift */,
			);
			path = Service;
			sourceTree = "<group>";
		};
		1A61141E280D220700AEEC3C /* ReelsTab */ = {
			isa = PBXGroup;
			children = (
				1A61141F280D222A00AEEC3C /* ReelsTab.storyboard */,
				1A2BFFDD280A84130069C475 /* ReelsTabViewController.swift */,
			);
			path = ReelsTab;
			sourceTree = "<group>";
		};
		1A61142F280D29D700AEEC3C /* SearchTab */ = {
			isa = PBXGroup;
			children = (
				1A61143A280D2AA500AEEC3C /* SearchTab.storyboard */,
				1A2BFFDB280A84050069C475 /* SearchViewController.swift */,
			);
			path = SearchTab;
			sourceTree = "<group>";
		};
		1A611430280D29FF00AEEC3C /* ProfileTab */ = {
			isa = PBXGroup;
			children = (
				1A611431280D2A1900AEEC3C /* ProfileTab.storyboard */,
				1A2BFFE1280A84290069C475 /* ProfileTabViewController.swift */,
			);
			path = ProfileTab;
			sourceTree = "<group>";
		};
		1A611433280D2A2200AEEC3C /* HomeTab */ = {
			isa = PBXGroup;
			children = (
				1A3D74D328293D9A00AF2280 /* Service */,
				1ACBC84F281C411D0018C72E /* Controller */,
				1ACBC84E281C41160018C72E /* View */,
				1ACBC84D281C410C0018C72E /* Model */,
			);
			path = HomeTab;
			sourceTree = "<group>";
		};
		1A61143C280D2ABD00AEEC3C /* ShoppingTab */ = {
			isa = PBXGroup;
			children = (
				1A61143D280D2ACF00AEEC3C /* ShoppingTab.storyboard */,
				1A2BFFDF280A841E0069C475 /* ShoppingTabViewController.swift */,
			);
			path = ShoppingTab;
			sourceTree = "<group>";
		};
		1AAB06582817CC71008AA420 /* Controller */ = {
			isa = PBXGroup;
			children = (
				1ACBE08927FB035100A2213A /* SignupMakeNameController.swift */,
				1ACBE08B27FB038500A2213A /* SignupMakePasswordController.swift */,
				1ACBE08D27FB03A700A2213A /* CompleteController.swift */,
				1ACBE07927FADE0400A2213A /* LoginController.swift */,
			);
			path = Controller;
			sourceTree = "<group>";
		};
		1AB9221128128DDA0042D303 /* Auth */ = {
			isa = PBXGroup;
			children = (
				1A395E6D282A432600D6A3AF /* View */,
				1A395E6C282A431100D6A3AF /* Model */,
				1AAB06582817CC71008AA420 /* Controller */,
			);
			path = Auth;
			sourceTree = "<group>";
		};
		1AB9221228128DEC0042D303 /* Screen */ = {
			isa = PBXGroup;
			children = (
				1AB9221128128DDA0042D303 /* Auth */,
				1ADD7E29280A777C00E0551C /* Tabbar */,
			);
			path = Screen;
			sourceTree = "<group>";
		};
		1ACBC84D281C410C0018C72E /* Model */ = {
			isa = PBXGroup;
			children = (
				1A71C8D628210BE4004BE851 /* FeedDataModel.swift */,
				1A71C8D8282124B1004BE851 /* StoryDataModel.swift */,
			);
			path = Model;
			sourceTree = "<group>";
		};
		1ACBC84E281C41160018C72E /* View */ = {
			isa = PBXGroup;
			children = (
				1ACBC853281C42790018C72E /* StoryCollectionViewCell.swift */,
				1ACBC854281C42790018C72E /* StoryCollectionViewCell.xib */,
				1ACBC857281C42990018C72E /* FeedTableViewCell.swift */,
				1ACBC858281C42990018C72E /* FeedTableViewCell.xib */,
				1A611436280D2A6400AEEC3C /* HomeTab.storyboard */,
			);
			path = View;
			sourceTree = "<group>";
		};
		1ACBC84F281C411D0018C72E /* Controller */ = {
			isa = PBXGroup;
			children = (
				1A611438280D2A9700AEEC3C /* HomeTabViewController.swift */,
			);
			path = Controller;
			sourceTree = "<group>";
		};
		1ACBE06927FADE0400A2213A = {
			isa = PBXGroup;
			children = (
				1ACBE07427FADE0400A2213A /* Instagram-Clone */,
				1ACBE07327FADE0400A2213A /* Products */,
				FD3981C8B018738CDAAE38BE /* Pods */,
				A403E024E47900BE226853B3 /* Frameworks */,
			);
			sourceTree = "<group>";
		};
		1ACBE07327FADE0400A2213A /* Products */ = {
			isa = PBXGroup;
			children = (
				1ACBE07227FADE0400A2213A /* Instagram-Clone.app */,
			);
			name = Products;
			sourceTree = "<group>";
		};
		1ACBE07427FADE0400A2213A /* Instagram-Clone */ = {
			isa = PBXGroup;
			children = (
				1A3D74CC28293BFF00AF2280 /* Network */,
				1A0E6BBA281225F600F2A433 /* Resource */,
				1A0E6BB9281225E600F2A433 /* Source */,
				1A0E6BB8281225DD00F2A433 /* Global */,
				1ACBE08327FADE0700A2213A /* Info.plist */,
			);
			path = "Instagram-Clone";
			sourceTree = "<group>";
		};
		1ADD7E29280A777C00E0551C /* Tabbar */ = {
			isa = PBXGroup;
			children = (
				1A395E6E282A436500D6A3AF /* Main */,
				1A611433280D2A2200AEEC3C /* HomeTab */,
				1A61143C280D2ABD00AEEC3C /* ShoppingTab */,
				1A611430280D29FF00AEEC3C /* ProfileTab */,
				1A61142F280D29D700AEEC3C /* SearchTab */,
				1A61141E280D220700AEEC3C /* ReelsTab */,
			);
			path = Tabbar;
			sourceTree = "<group>";
		};
		A403E024E47900BE226853B3 /* Frameworks */ = {
			isa = PBXGroup;
			children = (
				BCC2C486B41AB581A6CB8D3F /* Pods_Instagram_Clone.framework */,
			);
			name = Frameworks;
			sourceTree = "<group>";
		};
		FD3981C8B018738CDAAE38BE /* Pods */ = {
			isa = PBXGroup;
			children = (
				A46BC01B930BBDB15358736C /* Pods-Instagram-Clone.debug.xcconfig */,
				A42B14215E37CA85605B35D1 /* Pods-Instagram-Clone.release.xcconfig */,
			);
			path = Pods;
			sourceTree = "<group>";
		};
/* End PBXGroup section */

/* Begin PBXNativeTarget section */
		1ACBE07127FADE0400A2213A /* Instagram-Clone */ = {
			isa = PBXNativeTarget;
			buildConfigurationList = 1ACBE08627FADE0700A2213A /* Build configuration list for PBXNativeTarget "Instagram-Clone" */;
			buildPhases = (
				3CA9152C7CBDF3519019BDFE /* [CP] Check Pods Manifest.lock */,
				1ACBE06E27FADE0400A2213A /* Sources */,
				1ACBE06F27FADE0400A2213A /* Frameworks */,
				1ACBE07027FADE0400A2213A /* Resources */,
				37A7CF57E467C3E341FF1F41 /* [CP] Embed Pods Frameworks */,
			);
			buildRules = (
			);
			dependencies = (
			);
			name = "Instagram-Clone";
			productName = "1st-Assignment";
			productReference = 1ACBE07227FADE0400A2213A /* Instagram-Clone.app */;
			productType = "com.apple.product-type.application";
		};
/* End PBXNativeTarget section */

/* Begin PBXProject section */
		1ACBE06A27FADE0400A2213A /* Project object */ = {
			isa = PBXProject;
			attributes = {
				BuildIndependentTargetsInParallel = 1;
				LastSwiftUpdateCheck = 1330;
				LastUpgradeCheck = 1330;
				TargetAttributes = {
					1ACBE07127FADE0400A2213A = {
						CreatedOnToolsVersion = 13.3;
					};
				};
			};
			buildConfigurationList = 1ACBE06D27FADE0400A2213A /* Build configuration list for PBXProject "Instagram-Clone" */;
			compatibilityVersion = "Xcode 13.0";
			developmentRegion = en;
			hasScannedForEncodings = 0;
			knownRegions = (
				en,
				Base,
			);
			mainGroup = 1ACBE06927FADE0400A2213A;
			productRefGroup = 1ACBE07327FADE0400A2213A /* Products */;
			projectDirPath = "";
			projectRoot = "";
			targets = (
				1ACBE07127FADE0400A2213A /* Instagram-Clone */,
			);
		};
/* End PBXProject section */

/* Begin PBXResourcesBuildPhase section */
		1ACBE07027FADE0400A2213A /* Resources */ = {
			isa = PBXResourcesBuildPhase;
			buildActionMask = 2147483647;
			files = (
				1A611440280D2B0100AEEC3C /* Tabbar.storyboard in Resources */,
				1A61143B280D2AA500AEEC3C /* SearchTab.storyboard in Resources */,
				1ADD7E2B280A77E800E0551C /* TabBarWithCode.storyboard in Resources */,
				1ACBE08227FADE0700A2213A /* LaunchScreen.storyboard in Resources */,
				1ACBC856281C42790018C72E /* StoryCollectionViewCell.xib in Resources */,
				1A61143E280D2ACF00AEEC3C /* ShoppingTab.storyboard in Resources */,
				1A0E6BC82812896100F2A433 /* Color.xcassets in Resources */,
				1A611437280D2A6400AEEC3C /* HomeTab.storyboard in Resources */,
				1A611420280D222A00AEEC3C /* ReelsTab.storyboard in Resources */,
				1ACBC85A281C42990018C72E /* FeedTableViewCell.xib in Resources */,
				1ACBE07F27FADE0700A2213A /* Assets.xcassets in Resources */,
				1A611432280D2A1900AEEC3C /* ProfileTab.storyboard in Resources */,
				1ACBE07D27FADE0400A2213A /* Main.storyboard in Resources */,
			);
			runOnlyForDeploymentPostprocessing = 0;
		};
/* End PBXResourcesBuildPhase section */

/* Begin PBXShellScriptBuildPhase section */
		37A7CF57E467C3E341FF1F41 /* [CP] Embed Pods Frameworks */ = {
			isa = PBXShellScriptBuildPhase;
			buildActionMask = 2147483647;
			files = (
			);
			inputFileListPaths = (
				"${PODS_ROOT}/Target Support Files/Pods-Instagram-Clone/Pods-Instagram-Clone-frameworks-${CONFIGURATION}-input-files.xcfilelist",
			);
			name = "[CP] Embed Pods Frameworks";
			outputFileListPaths = (
				"${PODS_ROOT}/Target Support Files/Pods-Instagram-Clone/Pods-Instagram-Clone-frameworks-${CONFIGURATION}-output-files.xcfilelist",
			);
			runOnlyForDeploymentPostprocessing = 0;
			shellPath = /bin/sh;
			shellScript = "\"${PODS_ROOT}/Target Support Files/Pods-Instagram-Clone/Pods-Instagram-Clone-frameworks.sh\"\n";
			showEnvVarsInLog = 0;
		};
		3CA9152C7CBDF3519019BDFE /* [CP] Check Pods Manifest.lock */ = {
			isa = PBXShellScriptBuildPhase;
			buildActionMask = 2147483647;
			files = (
			);
			inputFileListPaths = (
			);
			inputPaths = (
				"${PODS_PODFILE_DIR_PATH}/Podfile.lock",
				"${PODS_ROOT}/Manifest.lock",
			);
			name = "[CP] Check Pods Manifest.lock";
			outputFileListPaths = (
			);
			outputPaths = (
				"$(DERIVED_FILE_DIR)/Pods-Instagram-Clone-checkManifestLockResult.txt",
			);
			runOnlyForDeploymentPostprocessing = 0;
			shellPath = /bin/sh;
			shellScript = "diff \"${PODS_PODFILE_DIR_PATH}/Podfile.lock\" \"${PODS_ROOT}/Manifest.lock\" > /dev/null\nif [ $? != 0 ] ; then\n    # print error to STDERR\n    echo \"error: The sandbox is not in sync with the Podfile.lock. Run 'pod install' or update your CocoaPods installation.\" >&2\n    exit 1\nfi\n# This output is used by Xcode 'outputs' to avoid re-running this script phase.\necho \"SUCCESS\" > \"${SCRIPT_OUTPUT_FILE_0}\"\n";
			showEnvVarsInLog = 0;
		};
/* End PBXShellScriptBuildPhase section */

/* Begin PBXSourcesBuildPhase section */
		1ACBE06E27FADE0400A2213A /* Sources */ = {
			isa = PBXSourcesBuildPhase;
			buildActionMask = 2147483647;
			files = (
				1ACBC855281C42790018C72E /* StoryCollectionViewCell.swift in Sources */,
				1ACBE08C27FB038500A2213A /* SignupMakePasswordController.swift in Sources */,
				1ACBE08A27FB035100A2213A /* SignupMakeNameController.swift in Sources */,
				1A3D74D228293D4500AF2280 /* LoginModel.swift in Sources */,
				1ACBC859281C42990018C72E /* FeedTableViewCell.swift in Sources */,
				1A0E6BC528122AD600F2A433 /* UIViewController+.swift in Sources */,
				1ACBE08E27FB03A700A2213A /* CompleteController.swift in Sources */,
				1A3D74D528293DAC00AF2280 /* UserService.swift in Sources */,
				1A3D74D028293C2500AF2280 /* NetworkResult.swift in Sources */,
				1A2BFFDC280A84050069C475 /* SearchViewController.swift in Sources */,
				1A71C8D728210BE4004BE851 /* FeedDataModel.swift in Sources */,
				1A3D74D72829530C00AF2280 /* SignupModel.swift in Sources */,
				1A2BFFDE280A84130069C475 /* ReelsTabViewController.swift in Sources */,
				1A611439280D2A9700AEEC3C /* HomeTabViewController.swift in Sources */,
				1ACBE07A27FADE0400A2213A /* LoginController.swift in Sources */,
				1A2BFFE0280A841E0069C475 /* ShoppingTabViewController.swift in Sources */,
				1ACBE07627FADE0400A2213A /* AppDelegate.swift in Sources */,
				1A2BFFE2280A84290069C475 /* ProfileTabViewController.swift in Sources */,
				1A611442280D2B2B00AEEC3C /* TabBarViewController.swift in Sources */,
				1ACBE07827FADE0400A2213A /* SceneDelegate.swift in Sources */,
				1A3D74CE28293C1500AF2280 /* APIConstants.swift in Sources */,
				1ADD7E2F280A78FD00E0551C /* TabbarCodeController.swift in Sources */,
				1A0E6BC1281229BC00F2A433 /* UIColor+.swift in Sources */,
				1A71C8D9282124B1004BE851 /* StoryDataModel.swift in Sources */,
			);
			runOnlyForDeploymentPostprocessing = 0;
		};
/* End PBXSourcesBuildPhase section */

/* Begin PBXVariantGroup section */
		1ACBE07B27FADE0400A2213A /* Main.storyboard */ = {
			isa = PBXVariantGroup;
			children = (
				1ACBE07C27FADE0400A2213A /* Base */,
			);
			name = Main.storyboard;
			sourceTree = "<group>";
		};
		1ACBE08027FADE0700A2213A /* LaunchScreen.storyboard */ = {
			isa = PBXVariantGroup;
			children = (
				1ACBE08127FADE0700A2213A /* Base */,
			);
			name = LaunchScreen.storyboard;
			sourceTree = "<group>";
		};
/* End PBXVariantGroup section */

/* Begin XCBuildConfiguration section */
		1ACBE08427FADE0700A2213A /* Debug */ = {
			isa = XCBuildConfiguration;
			buildSettings = {
				ALWAYS_SEARCH_USER_PATHS = NO;
				CLANG_ANALYZER_NONNULL = YES;
				CLANG_ANALYZER_NUMBER_OBJECT_CONVERSION = YES_AGGRESSIVE;
				CLANG_CXX_LANGUAGE_STANDARD = "gnu++17";
				CLANG_ENABLE_MODULES = YES;
				CLANG_ENABLE_OBJC_ARC = YES;
				CLANG_ENABLE_OBJC_WEAK = YES;
				CLANG_WARN_BLOCK_CAPTURE_AUTORELEASING = YES;
				CLANG_WARN_BOOL_CONVERSION = YES;
				CLANG_WARN_COMMA = YES;
				CLANG_WARN_CONSTANT_CONVERSION = YES;
				CLANG_WARN_DEPRECATED_OBJC_IMPLEMENTATIONS = YES;
				CLANG_WARN_DIRECT_OBJC_ISA_USAGE = YES_ERROR;
				CLANG_WARN_DOCUMENTATION_COMMENTS = YES;
				CLANG_WARN_EMPTY_BODY = YES;
				CLANG_WARN_ENUM_CONVERSION = YES;
				CLANG_WARN_INFINITE_RECURSION = YES;
				CLANG_WARN_INT_CONVERSION = YES;
				CLANG_WARN_NON_LITERAL_NULL_CONVERSION = YES;
				CLANG_WARN_OBJC_IMPLICIT_RETAIN_SELF = YES;
				CLANG_WARN_OBJC_LITERAL_CONVERSION = YES;
				CLANG_WARN_OBJC_ROOT_CLASS = YES_ERROR;
				CLANG_WARN_QUOTED_INCLUDE_IN_FRAMEWORK_HEADER = YES;
				CLANG_WARN_RANGE_LOOP_ANALYSIS = YES;
				CLANG_WARN_STRICT_PROTOTYPES = YES;
				CLANG_WARN_SUSPICIOUS_MOVE = YES;
				CLANG_WARN_UNGUARDED_AVAILABILITY = YES_AGGRESSIVE;
				CLANG_WARN_UNREACHABLE_CODE = YES;
				CLANG_WARN__DUPLICATE_METHOD_MATCH = YES;
				COPY_PHASE_STRIP = NO;
				DEBUG_INFORMATION_FORMAT = dwarf;
				ENABLE_STRICT_OBJC_MSGSEND = YES;
				ENABLE_TESTABILITY = YES;
				GCC_C_LANGUAGE_STANDARD = gnu11;
				GCC_DYNAMIC_NO_PIC = NO;
				GCC_NO_COMMON_BLOCKS = YES;
				GCC_OPTIMIZATION_LEVEL = 0;
				GCC_PREPROCESSOR_DEFINITIONS = (
					"DEBUG=1",
					"$(inherited)",
				);
				GCC_WARN_64_TO_32_BIT_CONVERSION = YES;
				GCC_WARN_ABOUT_RETURN_TYPE = YES_ERROR;
				GCC_WARN_UNDECLARED_SELECTOR = YES;
				GCC_WARN_UNINITIALIZED_AUTOS = YES_AGGRESSIVE;
				GCC_WARN_UNUSED_FUNCTION = YES;
				GCC_WARN_UNUSED_VARIABLE = YES;
				IPHONEOS_DEPLOYMENT_TARGET = 15.4;
				MTL_ENABLE_DEBUG_INFO = INCLUDE_SOURCE;
				MTL_FAST_MATH = YES;
				ONLY_ACTIVE_ARCH = YES;
				SDKROOT = iphoneos;
				SWIFT_ACTIVE_COMPILATION_CONDITIONS = DEBUG;
				SWIFT_OPTIMIZATION_LEVEL = "-Onone";
			};
			name = Debug;
		};
		1ACBE08527FADE0700A2213A /* Release */ = {
			isa = XCBuildConfiguration;
			buildSettings = {
				ALWAYS_SEARCH_USER_PATHS = NO;
				CLANG_ANALYZER_NONNULL = YES;
				CLANG_ANALYZER_NUMBER_OBJECT_CONVERSION = YES_AGGRESSIVE;
				CLANG_CXX_LANGUAGE_STANDARD = "gnu++17";
				CLANG_ENABLE_MODULES = YES;
				CLANG_ENABLE_OBJC_ARC = YES;
				CLANG_ENABLE_OBJC_WEAK = YES;
				CLANG_WARN_BLOCK_CAPTURE_AUTORELEASING = YES;
				CLANG_WARN_BOOL_CONVERSION = YES;
				CLANG_WARN_COMMA = YES;
				CLANG_WARN_CONSTANT_CONVERSION = YES;
				CLANG_WARN_DEPRECATED_OBJC_IMPLEMENTATIONS = YES;
				CLANG_WARN_DIRECT_OBJC_ISA_USAGE = YES_ERROR;
				CLANG_WARN_DOCUMENTATION_COMMENTS = YES;
				CLANG_WARN_EMPTY_BODY = YES;
				CLANG_WARN_ENUM_CONVERSION = YES;
				CLANG_WARN_INFINITE_RECURSION = YES;
				CLANG_WARN_INT_CONVERSION = YES;
				CLANG_WARN_NON_LITERAL_NULL_CONVERSION = YES;
				CLANG_WARN_OBJC_IMPLICIT_RETAIN_SELF = YES;
				CLANG_WARN_OBJC_LITERAL_CONVERSION = YES;
				CLANG_WARN_OBJC_ROOT_CLASS = YES_ERROR;
				CLANG_WARN_QUOTED_INCLUDE_IN_FRAMEWORK_HEADER = YES;
				CLANG_WARN_RANGE_LOOP_ANALYSIS = YES;
				CLANG_WARN_STRICT_PROTOTYPES = YES;
				CLANG_WARN_SUSPICIOUS_MOVE = YES;
				CLANG_WARN_UNGUARDED_AVAILABILITY = YES_AGGRESSIVE;
				CLANG_WARN_UNREACHABLE_CODE = YES;
				CLANG_WARN__DUPLICATE_METHOD_MATCH = YES;
				COPY_PHASE_STRIP = NO;
				DEBUG_INFORMATION_FORMAT = "dwarf-with-dsym";
				ENABLE_NS_ASSERTIONS = NO;
				ENABLE_STRICT_OBJC_MSGSEND = YES;
				GCC_C_LANGUAGE_STANDARD = gnu11;
				GCC_NO_COMMON_BLOCKS = YES;
				GCC_WARN_64_TO_32_BIT_CONVERSION = YES;
				GCC_WARN_ABOUT_RETURN_TYPE = YES_ERROR;
				GCC_WARN_UNDECLARED_SELECTOR = YES;
				GCC_WARN_UNINITIALIZED_AUTOS = YES_AGGRESSIVE;
				GCC_WARN_UNUSED_FUNCTION = YES;
				GCC_WARN_UNUSED_VARIABLE = YES;
				IPHONEOS_DEPLOYMENT_TARGET = 15.4;
				MTL_ENABLE_DEBUG_INFO = NO;
				MTL_FAST_MATH = YES;
				SDKROOT = iphoneos;
				SWIFT_COMPILATION_MODE = wholemodule;
				SWIFT_OPTIMIZATION_LEVEL = "-O";
				VALIDATE_PRODUCT = YES;
			};
			name = Release;
		};
		1ACBE08727FADE0700A2213A /* Debug */ = {
			isa = XCBuildConfiguration;
			baseConfigurationReference = A46BC01B930BBDB15358736C /* Pods-Instagram-Clone.debug.xcconfig */;
			buildSettings = {
				ASSETCATALOG_COMPILER_APPICON_NAME = AppIcon;
				ASSETCATALOG_COMPILER_GLOBAL_ACCENT_COLOR_NAME = AccentColor;
				CODE_SIGN_STYLE = Automatic;
				CURRENT_PROJECT_VERSION = 1;
				DEVELOPMENT_TEAM = "";
				GENERATE_INFOPLIST_FILE = YES;
				INFOPLIST_FILE = "Instagram-Clone/Info.plist";
				INFOPLIST_KEY_CFBundleDisplayName = "Instagram-Clone";
				INFOPLIST_KEY_UIApplicationSupportsIndirectInputEvents = YES;
				INFOPLIST_KEY_UILaunchStoryboardName = LaunchScreen;
				INFOPLIST_KEY_UIMainStoryboardFile = Main;
				INFOPLIST_KEY_UISupportedInterfaceOrientations_iPad = "UIInterfaceOrientationPortrait UIInterfaceOrientationPortraitUpsideDown UIInterfaceOrientationLandscapeLeft UIInterfaceOrientationLandscapeRight";
				INFOPLIST_KEY_UISupportedInterfaceOrientations_iPhone = "UIInterfaceOrientationPortrait UIInterfaceOrientationLandscapeLeft UIInterfaceOrientationLandscapeRight";
				LD_RUNPATH_SEARCH_PATHS = (
					"$(inherited)",
					"@executable_path/Frameworks",
				);
				MARKETING_VERSION = 1.0;
				PRODUCT_BUNDLE_IDENTIFIER = "org.sopt.-st-Assignment";
				PRODUCT_NAME = "$(TARGET_NAME)";
				SWIFT_EMIT_LOC_STRINGS = YES;
				SWIFT_VERSION = 5.0;
				TARGETED_DEVICE_FAMILY = "1,2";
			};
			name = Debug;
		};
		1ACBE08827FADE0700A2213A /* Release */ = {
			isa = XCBuildConfiguration;
			baseConfigurationReference = A42B14215E37CA85605B35D1 /* Pods-Instagram-Clone.release.xcconfig */;
			buildSettings = {
				ASSETCATALOG_COMPILER_APPICON_NAME = AppIcon;
				ASSETCATALOG_COMPILER_GLOBAL_ACCENT_COLOR_NAME = AccentColor;
				CODE_SIGN_STYLE = Automatic;
				CURRENT_PROJECT_VERSION = 1;
				DEVELOPMENT_TEAM = "";
				GENERATE_INFOPLIST_FILE = YES;
				INFOPLIST_FILE = "Instagram-Clone/Info.plist";
				INFOPLIST_KEY_CFBundleDisplayName = "Instagram-Clone";
				INFOPLIST_KEY_UIApplicationSupportsIndirectInputEvents = YES;
				INFOPLIST_KEY_UILaunchStoryboardName = LaunchScreen;
				INFOPLIST_KEY_UIMainStoryboardFile = Main;
				INFOPLIST_KEY_UISupportedInterfaceOrientations_iPad = "UIInterfaceOrientationPortrait UIInterfaceOrientationPortraitUpsideDown UIInterfaceOrientationLandscapeLeft UIInterfaceOrientationLandscapeRight";
				INFOPLIST_KEY_UISupportedInterfaceOrientations_iPhone = "UIInterfaceOrientationPortrait UIInterfaceOrientationLandscapeLeft UIInterfaceOrientationLandscapeRight";
				LD_RUNPATH_SEARCH_PATHS = (
					"$(inherited)",
					"@executable_path/Frameworks",
				);
				MARKETING_VERSION = 1.0;
				PRODUCT_BUNDLE_IDENTIFIER = "org.sopt.-st-Assignment";
				PRODUCT_NAME = "$(TARGET_NAME)";
				SWIFT_EMIT_LOC_STRINGS = YES;
				SWIFT_VERSION = 5.0;
				TARGETED_DEVICE_FAMILY = "1,2";
			};
			name = Release;
		};
/* End XCBuildConfiguration section */

/* Begin XCConfigurationList section */
		1ACBE06D27FADE0400A2213A /* Build configuration list for PBXProject "Instagram-Clone" */ = {
			isa = XCConfigurationList;
			buildConfigurations = (
				1ACBE08427FADE0700A2213A /* Debug */,
				1ACBE08527FADE0700A2213A /* Release */,
			);
			defaultConfigurationIsVisible = 0;
			defaultConfigurationName = Release;
		};
		1ACBE08627FADE0700A2213A /* Build configuration list for PBXNativeTarget "Instagram-Clone" */ = {
			isa = XCConfigurationList;
			buildConfigurations = (
				1ACBE08727FADE0700A2213A /* Debug */,
				1ACBE08827FADE0700A2213A /* Release */,
			);
			defaultConfigurationIsVisible = 0;
			defaultConfigurationName = Release;
		};
/* End XCConfigurationList section */
	};
	rootObject = 1ACBE06A27FADE0400A2213A /* Project object */;
}
